
Microsoft Visual Studio Solution File, Format Version 12.00
# Visual Studio 15
VisualStudioVersion = 15.0.28307.572
MinimumVisualStudioVersion = 10.0.40219.1
Project("{9A19103F-16F7-4668-BE54-9A1E7A4F7556}") = "Datagrammer.Sip", "Datagrammer.Sip\Datagrammer.Sip.csproj", "{5C05E8C8-6466-450F-90EA-FE50E3C6A079}"
EndProject
Project("{9A19103F-16F7-4668-BE54-9A1E7A4F7556}") = "Tests", "Tests\Tests.csproj", "{40ECCAC1-D21C-4E03-8CBA-C5853DA7978D}"
EndProject
Global
	GlobalSection(SolutionConfigurationPlatforms) = preSolution
		Debug|Any CPU = Debug|Any CPU
		Release|Any CPU = Release|Any CPU
	EndGlobalSection
	GlobalSection(ProjectConfigurationPlatforms) = postSolution
		{5C05E8C8-6466-450F-90EA-FE50E3C6A079}.Debug|Any CPU.ActiveCfg = Debug|Any CPU
		{5C05E8C8-6466-450F-90EA-FE50E3C6A079}.Debug|Any CPU.Build.0 = Debug|Any CPU
		{5C05E8C8-6466-450F-90EA-FE50E3C6A079}.Release|Any CPU.ActiveCfg = Release|Any CPU
		{5C05E8C8-6466-450F-90EA-FE50E3C6A079}.Release|Any CPU.Build.0 = Release|Any CPU
		{40ECCAC1-D21C-4E03-8CBA-C5853DA7978D}.Debug|Any CPU.ActiveCfg = Debug|Any CPU
		{40ECCAC1-D21C-4E03-8CBA-C5853DA7978D}.Debug|Any CPU.Build.0 = Debug|Any CPU
		{40ECCAC1-D21C-4E03-8CBA-C5853DA7978D}.Release|Any CPU.ActiveCfg = Release|Any CPU
		{40ECCAC1-D21C-4E03-8CBA-C5853DA7978D}.Release|Any CPU.Build.0 = Release|Any CPU
	EndGlobalSection
	GlobalSection(SolutionProperties) = preSolution
		HideSolutionNode = FALSE
	EndGlobalSection
	GlobalSection(ExtensibilityGlobals) = postSolution
		SolutionGuid = {1B5D9B81-2506-434A-B343-842429FD047A}
	EndGlobalSection
EndGlobal
